
Microsoft Visual Studio Solution File, Format Version 10.00
# Visual C# Express 2008
Project("{FAE04EC0-301F-11D3-BF4B-00C04F79EFBC}") = "TurboSharp", "TurboSharp\TurboSharp.csproj", "{50A987F1-F1D2-43E6-88F8-1ABE92011A08}"
EndProject
Global
	GlobalSection(SolutionConfigurationPlatforms) = preSolution
		Debug|Any CPU = Debug|Any CPU
		Release|Any CPU = Release|Any CPU
	EndGlobalSection
	GlobalSection(ProjectConfigurationPlatforms) = postSolution
		{50A987F1-F1D2-43E6-88F8-1ABE92011A08}.Debug|Any CPU.ActiveCfg = Debug|Any CPU
		{50A987F1-F1D2-43E6-88F8-1ABE92011A08}.Debug|Any CPU.Build.0 = Debug|Any CPU
		{50A987F1-F1D2-43E6-88F8-1ABE92011A08}.Release|Any CPU.ActiveCfg = Release|Any CPU
		{50A987F1-F1D2-43E6-88F8-1ABE92011A08}.Release|Any CPU.Build.0 = Release|Any CPU
	EndGlobalSection
	GlobalSection(SolutionProperties) = preSolution
		HideSolutionNode = FALSE
	EndGlobalSection
EndGlobal
